github.com/aliyun-beta/aliyun-openapi-go-sdk v0.0.0-20151123082822-0b043e4d1e0c h1:5OFh3YgdXSvDUgs95gwTL1jadHbe5LoQzjgz8uhDB1s=
github.com/aliyun-beta/aliyun-openapi-go-sdk v0.0.0-20151123082822-0b043e4d1e0c/go.mod h1:xkPTU1okZ5Fgxwi3i8r9YycfLPBLFC+P1B4vhGBpynU=
github.com/aliyun/alibaba-cloud-sdk-go v0.0.0-20181130072046-91fb6ba0f44e h1:D6KxybJnLchUWAKx4llEEs8D5opDO+EF6VOAEgtXvBo=
github.com/aliyun/alibaba-cloud-sdk-go v0.0.0-20181130072046-91fb6ba0f44e/go.mod h1:T9M45xf79ahXVelWoOBmH0y4aC1t5kXO5BxwyakgIGA=
github.com/cxr29/aliyun-openapi-go-sdk v0.0.0-20151123082822-0b043e4d1e0c h1:WEWetvNRZlk7JW3M4fycSA3f/2xZGxRdrwmpgRkGoQc=
github.com/cxr29/aliyun-openapi-go-sdk v0.0.0-20151123082822-0b043e4d1e0c/go.mod h1:tGHiHE3uYuHSppkbZi0A0O8mWaCve9U9kn0CHODrI7k=
github.com/davecgh/go-spew v1.1.1 h1:vj9j/u1bqnvCEfJOwUhtlOARqs3+rkHYY13jYWTU97c=
github.com/davecgh/go-spew v1.1.1/go.mod h1:J7Y8YcW2NihsgmVo/mv3lAwl/skON4iLHjSsI+c5H38=
github.com/jmespath/go-jmespath v0.0.0-20180206201540-c2b33e8439af h1:pmfjZENx5imkbgOkpRUYLnmbU7UEFbjtDA2hxJ1ichM=
github.com/jmespath/go-jmespath v0.0.0-20180206201540-c2b33e8439af/go.mod h1:Nht3zPeWKUH0NzdCt2Blrr5ys8VGpn0CEB0cQHVjt7k=
github.com/json-iterator/go v1.1.5 h1:gL2yXlmiIo4+t+y32d4WGwOjKGYcGOuyrg46vadswDE=
github.com/json-iterator/go v1.1.5/go.mod h1:+SdeFBvtyEkXs7REEP0seUULqWtbJapLOCVDaaPEHmU=
github.com/modern-go/concurrent v0.0.0-20180306012644-bacd9c7ef1dd h1:TRLaZ9cD/w8PVh93nsPXa1VrQ6jlwL5oN8l14QlcNfg=
github.com/modern-go/concurrent v0.0.0-20180306012644-bacd9c7ef1dd/go.mod h1:6dJC0mAP4ikYIbvyc7fijjWJddQyLn8Ig3JB5CqoB9Q=
github.com/modern-go/reflect2 v1.0.1 h1:9f412s+6RmYXLWZSEzVVgPGK7C2PphHj5RJrvfx9AWI=
github.com/modern-go/reflect2 v1.0.1/go.mod h1:bx2lNnkwVCuqBIxFjflWJWanXIb3RllmbCylyMrvgv0=
github.com/pmezard/go-difflib v1.0.0 h1:4DBwDE0NGyQoBHbLQYPwSUPoCMWR5BEzIk/f1lZbAQM=
github.com/pmezard/go-difflib v1.0.0/go.mod h1:iKH77koFhYxTK1pcRnkKkqfTogsbg7gZNVY4sRDYZ/4=
github.com/satori/go.uuid v1.2.0 h1:0uYX9dsZ2yD7q2RtLRtPSdGDWzjeM3TbMJP9utgA0ww=
github.com/satori/go.uuid v1.2.0/go.mod h1:dA0hQrYB0VpLJoorglMZABFdXlWrHn1NEOzdhQKdks0=
github.com/stretchr/testify v1.2.2 h1:bSDNvY7ZPG5RlJ8otE/7V6gMiyenm9RtJ7IUVIAoJ1w=
github.com/stretchr/testify v1.2.2/go.mod h1:a8OnRcib4nhh0OaRAV+Yts87kKdq0PP7pXfy6kDkUVs=
gopkg.in/check.v1 v0.0.0-20161208181325-20d25e280405 h1:yhCVgyC4o1eVCa2tZl7eS0r+SDo693bJlVdllGtEeKM=
gopkg.in/check.v1 v0.0.0-20161208181325-20d25e280405/go.mod h1:Co6ibVJAznAaIkqp8huTwlJQCZ016jof/cbN4VW5Yz0=
gopkg.in/yaml.v2 v2.2.2 h1:ZCJp+EgiOT7lHqUV2J862kp8Qj64Jo6az82+3Td9dZw=
gopkg.in/yaml.v2 v2.2.2/go.mod h1:hI93XBmqTisBFMUTm0b8Fm+jr3Dg1NNxqwp+5A1VGuI=
